PODS:
  - AdManager (0.1.6):
    - Google-Mobile-Ads-SDK (~> 7.0)
    - ModuleCapability (~> 0.1.2)
  - Google-Mobile-Ads-SDK (7.9.0)
  - ModuleCapability (0.1.2)

DEPENDENCIES:
  - AdManager (from `../`)

EXTERNAL SOURCES:
  AdManager:
    :path: ../

SPEC CHECKSUMS:
  AdManager: da8df5e38bff001fe5975246bf082658095c8ecb
  Google-Mobile-Ads-SDK: 1b7257c6dde53a587adb28f45365535e6122c48a
  ModuleCapability: 35cea7154ff855362682e90ecf1be529a533c931

PODFILE CHECKSUM: 9e62be8bac1552b9a54d6eb43d6c0b4fcf8abf4d

COCOAPODS: 1.0.1
